{
  "name": "BJ-process-automation",
  "lockfileVersion": 2,
  "requires": true,
  "packages": {
    "": {
      "dependencies": {
        "typescript": "^4.8.3",
        "xlsx": "https://cdn.sheetjs.com/xlsx-0.18.11/xlsx-0.18.11.tgz"
      },
      "devDependencies": {
        "@types/node": "^18.7.13"
      }
    },
    "node_modules/@types/node": {
      "version": "18.7.13",
      "resolved": "https://registry.npmjs.org/@types/node/-/node-18.7.13.tgz",
      "integrity": "sha512-46yIhxSe5xEaJZXWdIBP7GU4HDTG8/eo0qd9atdiL+lFpA03y8KS+lkTN834TWJj5767GbWv4n/P6efyTFt1Dw==",
      "dev": true
    },
    "node_modules/typescript": {
      "version": "4.8.3",
      "resolved": "https://registry.npmjs.org/typescript/-/typescript-4.8.3.tgz",
      "integrity": "sha512-goMHfm00nWPa8UvR/CPSvykqf6dVV8x/dp0c5mFTMTIu0u0FlGWRioyy7Nn0PGAdHxpJZnuO/ut+PpQ8UiHAig==",
      "bin": {
        "tsc": "bin/tsc",
        "tsserver": "bin/tsserver"
      },
      "engines": {
        "node": ">=4.2.0"
      }
    },
    "node_modules/xlsx": {
      "version": "0.18.11",
      "resolved": "https://cdn.sheetjs.com/xlsx-0.18.11/xlsx-0.18.11.tgz",
      "integrity": "sha512-+q621V6l7SsX4c07IFLlW4f7HbblWrrNJMQmVobWKGPmIE7aFIkHFslclK1S75AEjk0L/Y0oupN/aroqONtIyg==",
      "license": "Apache-2.0",
      "bin": {
        "xlsx": "bin/xlsx.njs"
      },
      "engines": {
        "node": ">=0.8"
      }
    }
  },
  "dependencies": {
    "@types/node": {
      "version": "18.7.13",
      "resolved": "https://registry.npmjs.org/@types/node/-/node-18.7.13.tgz",
      "integrity": "sha512-46yIhxSe5xEaJZXWdIBP7GU4HDTG8/eo0qd9atdiL+lFpA03y8KS+lkTN834TWJj5767GbWv4n/P6efyTFt1Dw==",
      "dev": true
    },
    "typescript": {
      "version": "4.8.3",
      "resolved": "https://registry.npmjs.org/typescript/-/typescript-4.8.3.tgz",
      "integrity": "sha512-goMHfm00nWPa8UvR/CPSvykqf6dVV8x/dp0c5mFTMTIu0u0FlGWRioyy7Nn0PGAdHxpJZnuO/ut+PpQ8UiHAig=="
    },
    "xlsx": {
      "version": "https://cdn.sheetjs.com/xlsx-0.18.11/xlsx-0.18.11.tgz",
      "integrity": "sha512-+q621V6l7SsX4c07IFLlW4f7HbblWrrNJMQmVobWKGPmIE7aFIkHFslclK1S75AEjk0L/Y0oupN/aroqONtIyg=="
    }
  }
}
